
Microsoft Visual Studio Solution File, Format Version 12.00
# Visual Studio Version 17
VisualStudioVersion = 17.0.32014.148
MinimumVisualStudioVersion = 10.0.40219.1
Project("{FAE04EC0-301F-11D3-BF4B-00C04F79EFBC}") = "Base45Sharp", "Base45Sharp.csproj", "{547B72C5-4B69-462C-B0C8-B67C2ECC8622}"
EndProject
Global
	GlobalSection(SolutionConfigurationPlatforms) = preSolution
		Debug|Any CPU = Debug|Any CPU
		Release|Any CPU = Release|Any CPU
	EndGlobalSection
	GlobalSection(ProjectConfigurationPlatforms) = postSolution
		{547B72C5-4B69-462C-B0C8-B67C2ECC8622}.Debug|Any CPU.ActiveCfg = Debug|Any CPU
		{547B72C5-4B69-462C-B0C8-B67C2ECC8622}.Debug|Any CPU.Build.0 = Debug|Any CPU
		{547B72C5-4B69-462C-B0C8-B67C2ECC8622}.Release|Any CPU.ActiveCfg = Release|Any CPU
		{547B72C5-4B69-462C-B0C8-B67C2ECC8622}.Release|Any CPU.Build.0 = Release|Any CPU
	EndGlobalSection
	GlobalSection(SolutionProperties) = preSolution
		HideSolutionNode = FALSE
	EndGlobalSection
	GlobalSection(ExtensibilityGlobals) = postSolution
		SolutionGuid = {A6F760AD-E4E0-44CF-A566-0924FD7B9226}
	EndGlobalSection
EndGlobal
